
Microsoft Visual Studio Solution File, Format Version 12.00
# Visual Studio 14
VisualStudioVersion = 14.0.25420.1
MinimumVisualStudioVersion = 10.0.40219.1
Project("{E24C65DC-7377-472B-9ABA-BC803B73C61A}") = "WriteTextOnImage", ".", "{AF9F59A5-F399-434E-ABA8-DE7D43222D96}"
	ProjectSection(WebsiteProperties) = preProject
		TargetFrameworkMoniker = ".NETFramework,Version%3Dv4.5"
		Debug.AspNetCompiler.VirtualPath = "/localhost_65333"
		Debug.AspNetCompiler.PhysicalPath = "..\WriteTextOnImage\"
		Debug.AspNetCompiler.TargetPath = "PrecompiledWeb\localhost_65333\"
		Debug.AspNetCompiler.Updateable = "true"
		Debug.AspNetCompiler.ForceOverwrite = "true"
		Debug.AspNetCompiler.FixedNames = "false"
		Debug.AspNetCompiler.Debug = "True"
		Release.AspNetCompiler.VirtualPath = "/localhost_65333"
		Release.AspNetCompiler.PhysicalPath = "..\WriteTextOnImage\"
		Release.AspNetCompiler.TargetPath = "PrecompiledWeb\localhost_65333\"
		Release.AspNetCompiler.Updateable = "true"
		Release.AspNetCompiler.ForceOverwrite = "true"
		Release.AspNetCompiler.FixedNames = "false"
		Release.AspNetCompiler.Debug = "False"
		VWDPort = "65333"
		SlnRelativePath = "..\WriteTextOnImage\"
	EndProjectSection
EndProject
Global
	GlobalSection(SolutionConfigurationPlatforms) = preSolution
		Debug|Any CPU = Debug|Any CPU
	EndGlobalSection
	GlobalSection(ProjectConfigurationPlatforms) = postSolution
		{AF9F59A5-F399-434E-ABA8-DE7D43222D96}.Debug|Any CPU.ActiveCfg = Debug|Any CPU
		{AF9F59A5-F399-434E-ABA8-DE7D43222D96}.Debug|Any CPU.Build.0 = Debug|Any CPU
	EndGlobalSection
	GlobalSection(SolutionProperties) = preSolution
		HideSolutionNode = FALSE
	EndGlobalSection
EndGlobal
